# This file is automatically @generated by Cargo.
# It is not intended for manual editing.
version = 3

[[package]]
name = "application"
version = "0.1.0"
dependencies = [
 "domain",
]

[[package]]
name = "domain"
version = "0.1.0"

[[package]]
name = "infra"
version = "0.1.0"
dependencies = [
 "application",
 "domain",
]

[[package]]
name = "webapi"
version = "0.1.0"
dependencies = [
 "application",
 "domain",
 "infra",
]
